
Microsoft Visual Studio Solution File, Format Version 12.00
# Visual Studio Express 2013 for Windows Desktop
VisualStudioVersion = 12.0.31101.0
MinimumVisualStudioVersion = 10.0.40219.1
Project("{8BC9CEB8-8B4A-11D0-8D11-00A0C91BC942}") = "laba1sem2v2", "laba1sem2v2\laba1sem2v2.vcxproj", "{40B5B254-F336-4E6D-B736-BE5916AF2D61}"
EndProject
Global
	GlobalSection(SolutionConfigurationPlatforms) = preSolution
		Debug|Win32 = Debug|Win32
		Release|Win32 = Release|Win32
	EndGlobalSection
	GlobalSection(ProjectConfigurationPlatforms) = postSolution
		{40B5B254-F336-4E6D-B736-BE5916AF2D61}.Debug|Win32.ActiveCfg = Debug|Win32
		{40B5B254-F336-4E6D-B736-BE5916AF2D61}.Debug|Win32.Build.0 = Debug|Win32
		{40B5B254-F336-4E6D-B736-BE5916AF2D61}.Release|Win32.ActiveCfg = Release|Win32
		{40B5B254-F336-4E6D-B736-BE5916AF2D61}.Release|Win32.Build.0 = Release|Win32
	EndGlobalSection
	GlobalSection(SolutionProperties) = preSolution
		HideSolutionNode = FALSE
	EndGlobalSection
EndGlobal
